// !$*UTF8*$!
{
	archiveVersion = 1;
	classes = {
	};
	objectVersion = 55;
	objects = {

/* Begin PBXBuildFile section */
		9ECED0BB2F588F21009412A7 /* Tests_iOS.swift in Sources */ = {isa = PBXBuildFile; fileRef = 9ECED0BA2F588F21009412A7 /* Tests_iOS.swift */; };
		9ECED0BD2F588F21009412A7 /* Tests_iOSLaunchTests.swift in Sources */ = {isa = PBXBuildFile; fileRef = 9ECED0BC2F588F21009412A7 /* Tests_iOSLaunchTests.swift */; };
		9ECED0C72F588F21009412A7 /* Tests_macOS.swift in Sources */ = {isa = PBXBuildFile; fileRef = 9ECED0C62F588F21009412A7 /* Tests_macOS.swift */; };
		9ECED0C92F588F21009412A7 /* Tests_macOSLaunchTests.swift in Sources */ = {isa = PBXBuildFile; fileRef = 9ECED0C82F588F21009412A7 /* Tests_macOSLaunchTests.swift */; };
		9ECED0CA2F588F21009412A7 /* Alma_App_OficialApp.swift in Sources */ = {isa = PBXBuildFile; fileRef = 9ECED0A22F588F1D009412A7 /* Alma_App_OficialApp.swift */; };
		9ECED0CB2F588F21009412A7 /* Alma_App_OficialApp.swift in Sources */ = {isa = PBXBuildFile; fileRef = 9ECED0A22F588F1D009412A7 /* Alma_App_OficialApp.swift */; };
		9ECED0CC2F588F21009412A7 /* ContentView.swift in Sources */ = {isa = PBXBuildFile; fileRef = 9ECED0A32F588F1D009412A7 /* ContentView.swift */; };
		9ECED0CD2F588F21009412A7 /* ContentView.swift in Sources */ = {isa = PBXBuildFile; fileRef = 9ECED0A32F588F1D009412A7 /* ContentView.swift */; };
		9ECED0CE2F588F21009412A7 /* Assets.xcassets in Resources */ = {isa = PBXBuildFile; fileRef = 9ECED0A42F588F21009412A7 /* Assets.xcassets */; };
		9ECED0CF2F588F21009412A7 /* Assets.xcassets in Resources */ = {isa = PBXBuildFile; fileRef = 9ECED0A42F588F21009412A7 /* Assets.xcassets */; };
		9ECED0E22F58900C009412A7 /* AlmaApp.swift in Sources */ = {isa = PBXBuildFile; fileRef = 9ECED0E12F58900C009412A7 /* AlmaApp.swift */; };
		9ECED0E32F58900C009412A7 /* AlmaApp.swift in Sources */ = {isa = PBXBuildFile; fileRef = 9ECED0E12F58900C009412A7 /* AlmaApp.swift */; };
		9ECED0E52F589020009412A7 /* ChatView.swift in Sources */ = {isa = PBXBuildFile; fileRef = 9ECED0E42F589020009412A7 /* ChatView.swift */; };
		9ECED0E62F589020009412A7 /* ChatView.swift in Sources */ = {isa = PBXBuildFile; fileRef = 9ECED0E42F589020009412A7 /* ChatView.swift */; };
		9ECED0F12F58902F009412A7 /* RootView.swift in Sources */ = {isa = PBXBuildFile; fileRef = 9ECED0E72F58902C009412A7 /* RootView.swift */; };
		9ECED0F22F589030009412A7 /* RootView.swift in Sources */ = {isa = PBXBuildFile; fileRef = 9ECED0E72F58902C009412A7 /* RootView.swift */; };
		9ECED0F32F589030009412A7 /* Theme.swift in Sources */ = {isa = PBXBuildFile; fileRef = 9ECED0E82F58902C009412A7 /* Theme.swift */; };
		9ECED0F42F589030009412A7 /* Theme.swift in Sources */ = {isa = PBXBuildFile; fileRef = 9ECED0E82F58902C009412A7 /* Theme.swift */; };
		9ECED0F52F589030009412A7 /* LoginView.swift in Sources */ = {isa = PBXBuildFile; fileRef = 9ECED0E92F58902C009412A7 /* LoginView.swift */; };
		9ECED0F62F589030009412A7 /* LoginView.swift in Sources */ = {isa = PBXBuildFile; fileRef = 9ECED0E92F58902C009412A7 /* LoginView.swift */; };
		9ECED0F72F589030009412A7 /* HomeView.swift in Sources */ = {isa = PBXBuildFile; fileRef = 9ECED0EA2F58902D009412A7 /* HomeView.swift */; };
		9ECED0F82F589030009412A7 /* HomeView.swift in Sources */ = {isa = PBXBuildFile; fileRef = 9ECED0EA2F58902D009412A7 /* HomeView.swift */; };
		9ECED0F92F589030009412A7 /* MainTabView.swift in Sources */ = {isa = PBXBuildFile; fileRef = 9ECED0EB2F58902D009412A7 /* MainTabView.swift */; };
		9ECED0FA2F589030009412A7 /* MainTabView.swift in Sources */ = {isa = PBXBuildFile; fileRef = 9ECED0EB2F58902D009412A7 /* MainTabView.swift */; };
		9ECED0FB2F589030009412A7 /* OpenAIService.swift in Sources */ = {isa = PBXBuildFile; fileRef = 9ECED0EC2F58902E009412A7 /* OpenAIService.swift */; };
		9ECED0FC2F589030009412A7 /* OpenAIService.swift in Sources */ = {isa = PBXBuildFile; fileRef = 9ECED0EC2F58902E009412A7 /* OpenAIService.swift */; };
		9ECED0FD2F589030009412A7 /* MessageBubble.swift in Sources */ = {isa = PBXBuildFile; fileRef = 9ECED0ED2F58902E009412A7 /* MessageBubble.swift */; };
		9ECED0FE2F589030009412A7 /* MessageBubble.swift in Sources */ = {isa = PBXBuildFile; fileRef = 9ECED0ED2F58902E009412A7 /* MessageBubble.swift */; };
		9ECED0FF2F589030009412A7 /* SubscriptionView.swift in Sources */ = {isa = PBXBuildFile; fileRef = 9ECED0EE2F58902E009412A7 /* SubscriptionView.swift */; };
		9ECED1002F589030009412A7 /* SubscriptionView.swift in Sources */ = {isa = PBXBuildFile; fileRef = 9ECED0EE2F58902E009412A7 /* SubscriptionView.swift */; };
		9ECED1012F589030009412A7 /* ProfileView.swift in Sources */ = {isa = PBXBuildFile; fileRef = 9ECED0EF2F58902F009412A7 /* ProfileView.swift */; };
		9ECED1022F589030009412A7 /* ProfileView.swift in Sources */ = {isa = PBXBuildFile; fileRef = 9ECED0EF2F58902F009412A7 /* ProfileView.swift */; };
		9ECED1032F589030009412A7 /* InsightsView.swift in Sources */ = {isa = PBXBuildFile; fileRef = 9ECED0F02F58902F009412A7 /* InsightsView.swift */; };
		9ECED1042F589030009412A7 /* InsightsView.swift in Sources */ = {isa = PBXBuildFile; fileRef = 9ECED0F02F58902F009412A7 /* InsightsView.swift */; };
		9ECED1072F589311009412A7 /* FirebaseAnalytics in Frameworks */ = {isa = PBXBuildFile; productRef = 9ECED1062F589311009412A7 /* FirebaseAnalytics */; };
		9ECED1092F589311009412A7 /* FirebaseAuth in Frameworks */ = {isa = PBXBuildFile; productRef = 9ECED1082F589311009412A7 /* FirebaseAuth */; };
		9ECED10B2F589311009412A7 /* FirebaseFirestore in Frameworks */ = {isa = PBXBuildFile; productRef = 9ECED10A2F589311009412A7 /* FirebaseFirestore */; };
/* End PBXBuildFile section */

/* Begin PBXContainerItemProxy section */
		9ECED0B72F588F21009412A7 /* PBXContainerItemProxy */ = {
			isa = PBXContainerItemProxy;
			containerPortal = 9ECED09D2F588F1C009412A7 /* Project object */;
			proxyType = 1;
			remoteGlobalIDString = 9ECED0A82F588F21009412A7;
			remoteInfo = "Alma.App.Oficial (iOS)";
		};
		9ECED0C32F588F21009412A7 /* PBXContainerItemProxy */ = {
			isa = PBXContainerItemProxy;
			containerPortal = 9ECED09D2F588F1C009412A7 /* Project object */;
			proxyType = 1;
			remoteGlobalIDString = 9ECED0AE2F588F21009412A7;
			remoteInfo = "Alma.App.Oficial (macOS)";
		};
/* End PBXContainerItemProxy section */

/* Begin PBXFileReference section */
		9ECED0A22F588F1D009412A7 /* Alma_App_OficialApp.swift */ = {isa = PBXFileReference; lastKnownFileType = sourcecode.swift; path = Alma_App_OficialApp.swift; sourceTree = "<group>"; };
		9ECED0A32F588F1D009412A7 /* ContentView.swift */ = {isa = PBXFileReference; lastKnownFileType = sourcecode.swift; path = ContentView.swift; sourceTree = "<group>"; };
		9ECED0A42F588F21009412A7 /* Assets.xcassets */ = {isa = PBXFileReference; lastKnownFileType = folder.assetcatalog; path = Assets.xcassets; sourceTree = "<group>"; };
		9ECED0A92F588F21009412A7 /* Alma.App.Oficial.app */ = {isa = PBXFileReference; explicitFileType = wrapper.application; includeInIndex = 0; path = Alma.App.Oficial.app; sourceTree = BUILT_PRODUCTS_DIR; };
		9ECED0AF2F588F21009412A7 /* Alma.App.Oficial.app */ = {isa = PBXFileReference; explicitFileType = wrapper.application; includeInIndex = 0; path = Alma.App.Oficial.app; sourceTree = BUILT_PRODUCTS_DIR; };
		9ECED0B12F588F21009412A7 /* macOS.entitlements */ = {isa = PBXFileReference; lastKnownFileType = text.plist.entitlements; path = macOS.entitlements; sourceTree = "<group>"; };
		9ECED0B62F588F21009412A7 /* Tests iOS.xctest */ = {isa = PBXFileReference; explicitFileType = wrapper.cfbundle; includeInIndex = 0; path = "Tests iOS.xctest"; sourceTree = BUILT_PRODUCTS_DIR; };
		9ECED0BA2F588F21009412A7 /* Tests_iOS.swift */ = {isa = PBXFileReference; lastKnownFileType = sourcecode.swift; path = Tests_iOS.swift; sourceTree = "<group>"; };
		9ECED0BC2F588F21009412A7 /* Tests_iOSLaunchTests.swift */ = {isa = PBXFileReference; lastKnownFileType = sourcecode.swift; path = Tests_iOSLaunchTests.swift; sourceTree = "<group>"; };
		9ECED0C22F588F21009412A7 /* Tests macOS.xctest */ = {isa = PBXFileReference; explicitFileType = wrapper.cfbundle; includeInIndex = 0; path = "Tests macOS.xctest"; sourceTree = BUILT_PRODUCTS_DIR; };
		9ECED0C62F588F21009412A7 /* Tests_macOS.swift */ = {isa = PBXFileReference; lastKnownFileType = sourcecode.swift; path = Tests_macOS.swift; sourceTree = "<group>"; };
		9ECED0C82F588F21009412A7 /* Tests_macOSLaunchTests.swift */ = {isa = PBXFileReference; lastKnownFileType = sourcecode.swift; path = Tests_macOSLaunchTests.swift; sourceTree = "<group>"; };
		9ECED0E12F58900C009412A7 /* AlmaApp.swift */ = {isa = PBXFileReference; fileEncoding = 4; lastKnownFileType = sourcecode.swift; path = AlmaApp.swift; sourceTree = "<group>"; };
		9ECED0E42F589020009412A7 /* ChatView.swift */ = {isa = PBXFileReference; fileEncoding = 4; lastKnownFileType = sourcecode.swift; path = ChatView.swift; sourceTree = "<group>"; };
		9ECED0E72F58902C009412A7 /* RootView.swift */ = {isa = PBXFileReference; fileEncoding = 4; lastKnownFileType = sourcecode.swift; path = RootView.swift; sourceTree = "<group>"; };
		9ECED0E82F58902C009412A7 /* Theme.swift */ = {isa = PBXFileReference; fileEncoding = 4; lastKnownFileType = sourcecode.swift; path = Theme.swift; sourceTree = "<group>"; };
		9ECED0E92F58902C009412A7 /* LoginView.swift */ = {isa = PBXFileReference; fileEncoding = 4; lastKnownFileType = sourcecode.swift; path = LoginView.swift; sourceTree = "<group>"; };
		9ECED0EA2F58902D009412A7 /* HomeView.swift */ = {isa = PBXFileReference; fileEncoding = 4; lastKnownFileType = sourcecode.swift; path = HomeView.swift; sourceTree = "<group>"; };
		9ECED0EB2F58902D009412A7 /* MainTabView.swift */ = {isa = PBXFileReference; fileEncoding = 4; lastKnownFileType = sourcecode.swift; path = MainTabView.swift; sourceTree = "<group>"; };
		9ECED0EC2F58902E009412A7 /* OpenAIService.swift */ = {isa = PBXFileReference; fileEncoding = 4; lastKnownFileType = sourcecode.swift; path = OpenAIService.swift; sourceTree = "<group>"; };
		9ECED0ED2F58902E009412A7 /* MessageBubble.swift */ = {isa = PBXFileReference; fileEncoding = 4; lastKnownFileType = sourcecode.swift; path = MessageBubble.swift; sourceTree = "<group>"; };
		9ECED0EE2F58902E009412A7 /* SubscriptionView.swift */ = {isa = PBXFileReference; fileEncoding = 4; lastKnownFileType = sourcecode.swift; path = SubscriptionView.swift; sourceTree = "<group>"; };
		9ECED0EF2F58902F009412A7 /* ProfileView.swift */ = {isa = PBXFileReference; fileEncoding = 4; lastKnownFileType = sourcecode.swift; path = ProfileView.swift; sourceTree = "<group>"; };
		9ECED0F02F58902F009412A7 /* InsightsView.swift */ = {isa = PBXFileReference; fileEncoding = 4; lastKnownFileType = sourcecode.swift; path = InsightsView.swift; sourceTree = "<group>"; };
/* End PBXFileReference section */

/* Begin PBXFrameworksBuildPhase section */
		9ECED0A62F588F21009412A7 /* Frameworks */ = {
			isa = PBXFrameworksBuildPhase;
			buildActionMask = 2147483647;
			files = (
				9ECED1072F589311009412A7 /* FirebaseAnalytics in Frameworks */,
				9ECED1092F589311009412A7 /* FirebaseAuth in Frameworks */,
				9ECED10B2F589311009412A7 /* FirebaseFirestore in Frameworks */,
			);
			runOnlyForDeploymentPostprocessing = 0;
		};
		9ECED0AC2F588F21009412A7 /* Frameworks */ = {
			isa = PBXFrameworksBuildPhase;
			buildActionMask = 2147483647;
			files = (
			);
			runOnlyForDeploymentPostprocessing = 0;
		};
		9ECED0B32F588F21009412A7 /* Frameworks */ = {
			isa = PBXFrameworksBuildPhase;
			buildActionMask = 2147483647;
			files = (
			);
			runOnlyForDeploymentPostprocessing = 0;
		};
		9ECED0BF2F588F21009412A7 /* Frameworks */ = {
			isa = PBXFrameworksBuildPhase;
			buildActionMask = 2147483647;
			files = (
			);
			runOnlyForDeploymentPostprocessing = 0;
		};
/* End PBXFrameworksBuildPhase section */

/* Begin PBXGroup section */
		9ECED09C2F588F1C009412A7 = {
			isa = PBXGroup;
			children = (
				9ECED0A12F588F1D009412A7 /* Shared */,
				9ECED0B02F588F21009412A7 /* macOS */,
				9ECED0B92F588F21009412A7 /* Tests iOS */,
				9ECED0C52F588F21009412A7 /* Tests macOS */,
				9ECED0AA2F588F21009412A7 /* Products */,
			);
			sourceTree = "<group>";
		};
		9ECED0A12F588F1D009412A7 /* Shared */ = {
			isa = PBXGroup;
			children = (
				9ECED0A22F588F1D009412A7 /* Alma_App_OficialApp.swift */,
				9ECED0E12F58900C009412A7 /* AlmaApp.swift */,
				9ECED0A32F588F1D009412A7 /* ContentView.swift */,
				9ECED0E42F589020009412A7 /* ChatView.swift */,
				9ECED0EA2F58902D009412A7 /* HomeView.swift */,
				9ECED0F02F58902F009412A7 /* InsightsView.swift */,
				9ECED0E92F58902C009412A7 /* LoginView.swift */,
				9ECED0EB2F58902D009412A7 /* MainTabView.swift */,
				9ECED0ED2F58902E009412A7 /* MessageBubble.swift */,
				9ECED0EC2F58902E009412A7 /* OpenAIService.swift */,
				9ECED0EF2F58902F009412A7 /* ProfileView.swift */,
				9ECED0E72F58902C009412A7 /* RootView.swift */,
				9ECED0EE2F58902E009412A7 /* SubscriptionView.swift */,
				9ECED0E82F58902C009412A7 /* Theme.swift */,
				9ECED0A42F588F21009412A7 /* Assets.xcassets */,
			);
			path = Shared;
			sourceTree = "<group>";
		};
		9ECED0AA2F588F21009412A7 /* Products */ = {
			isa = PBXGroup;
			children = (
				9ECED0A92F588F21009412A7 /* Alma.App.Oficial.app */,
				9ECED0AF2F588F21009412A7 /* Alma.App.Oficial.app */,
				9ECED0B62F588F21009412A7 /* Tests iOS.xctest */,
				9ECED0C22F588F21009412A7 /* Tests macOS.xctest */,
			);
			name = Products;
			sourceTree = "<group>";
		};
		9ECED0B02F588F21009412A7 /* macOS */ = {
			isa = PBXGroup;
			children = (
				9ECED0B12F588F21009412A7 /* macOS.entitlements */,
			);
			path = macOS;
			sourceTree = "<group>";
		};
		9ECED0B92F588F21009412A7 /* Tests iOS */ = {
			isa = PBXGroup;
			children = (
				9ECED0BA2F588F21009412A7 /* Tests_iOS.swift */,
				9ECED0BC2F588F21009412A7 /* Tests_iOSLaunchTests.swift */,
			);
			path = "Tests iOS";
			sourceTree = "<group>";
		};
		9ECED0C52F588F21009412A7 /* Tests macOS */ = {
			isa = PBXGroup;
			children = (
				9ECED0C62F588F21009412A7 /* Tests_macOS.swift */,
				9ECED0C82F588F21009412A7 /* Tests_macOSLaunchTests.swift */,
			);
			path = "Tests macOS";
			sourceTree = "<group>";
		};
/* End PBXGroup section */

/* Begin PBXNativeTarget section */
		9ECED0A82F588F21009412A7 /* Alma.App.Oficial (iOS) */ = {
			isa = PBXNativeTarget;
			buildConfigurationList = 9ECED0D22F588F21009412A7 /* Build configuration list for PBXNativeTarget "Alma.App.Oficial (iOS)" */;
			buildPhases = (
				9ECED0A52F588F21009412A7 /* Sources */,
				9ECED0A62F588F21009412A7 /* Frameworks */,
				9ECED0A72F588F21009412A7 /* Resources */,
			);
			buildRules = (
			);
			dependencies = (
			);
			name = "Alma.App.Oficial (iOS)";
			packageProductDependencies = (
				9ECED1062F589311009412A7 /* FirebaseAnalytics */,
				9ECED1082F589311009412A7 /* FirebaseAuth */,
				9ECED10A2F589311009412A7 /* FirebaseFirestore */,
			);
			productName = "Alma.App.Oficial (iOS)";
			productReference = 9ECED0A92F588F21009412A7 /* Alma.App.Oficial.app */;
			productType = "com.apple.product-type.application";
		};
		9ECED0AE2F588F21009412A7 /* Alma.App.Oficial (macOS) */ = {
			isa = PBXNativeTarget;
			buildConfigurationList = 9ECED0D52F588F21009412A7 /* Build configuration list for PBXNativeTarget "Alma.App.Oficial (macOS)" */;
			buildPhases = (
				9ECED0AB2F588F21009412A7 /* Sources */,
				9ECED0AC2F588F21009412A7 /* Frameworks */,
				9ECED0AD2F588F21009412A7 /* Resources */,
			);
			buildRules = (
			);
			dependencies = (
			);
			name = "Alma.App.Oficial (macOS)";
			productName = "Alma.App.Oficial (macOS)";
			productReference = 9ECED0AF2F588F21009412A7 /* Alma.App.Oficial.app */;
			productType = "com.apple.product-type.application";
		};
		9ECED0B52F588F21009412A7 /* Tests iOS */ = {
			isa = PBXNativeTarget;
			buildConfigurationList = 9ECED0D82F588F21009412A7 /* Build configuration list for PBXNativeTarget "Tests iOS" */;
			buildPhases = (
				9ECED0B22F588F21009412A7 /* Sources */,
				9ECED0B32F588F21009412A7 /* Frameworks */,
				9ECED0B42F588F21009412A7 /* Resources */,
			);
			buildRules = (
			);
			dependencies = (
				9ECED0B82F588F21009412A7 /* PBXTargetDependency */,
			);
			name = "Tests iOS";
			productName = "Tests iOS";
			productReference = 9ECED0B62F588F21009412A7 /* Tests iOS.xctest */;
			productType = "com.apple.product-type.bundle.ui-testing";
		};
		9ECED0C12F588F21009412A7 /* Tests macOS */ = {
			isa = PBXNativeTarget;
			buildConfigurationList = 9ECED0DB2F588F21009412A7 /* Build configuration list for PBXNativeTarget "Tests macOS" */;
			buildPhases = (
				9ECED0BE2F588F21009412A7 /* Sources */,
				9ECED0BF2F588F21009412A7 /* Frameworks */,
				9ECED0C02F588F21009412A7 /* Resources */,
			);
			buildRules = (
			);
			dependencies = (
				9ECED0C42F588F21009412A7 /* PBXTargetDependency */,
			);
			name = "Tests macOS";
			productName = "Tests macOS";
			productReference = 9ECED0C22F588F21009412A7 /* Tests macOS.xctest */;
			productType = "com.apple.product-type.bundle.ui-testing";
		};
/* End PBXNativeTarget section */

/* Begin PBXProject section */
		9ECED09D2F588F1C009412A7 /* Project object */ = {
			isa = PBXProject;
			attributes = {
				BuildIndependentTargetsInParallel = 1;
				LastSwiftUpdateCheck = 1320;
				LastUpgradeCheck = 1320;
				TargetAttributes = {
					9ECED0A82F588F21009412A7 = {
						CreatedOnToolsVersion = 13.2.1;
					};
					9ECED0AE2F588F21009412A7 = {
						CreatedOnToolsVersion = 13.2.1;
					};
					9ECED0B52F588F21009412A7 = {
						CreatedOnToolsVersion = 13.2.1;
						TestTargetID = 9ECED0A82F588F21009412A7;
					};
					9ECED0C12F588F21009412A7 = {
						CreatedOnToolsVersion = 13.2.1;
						TestTargetID = 9ECED0AE2F588F21009412A7;
					};
				};
			};
			buildConfigurationList = 9ECED0A02F588F1C009412A7 /* Build configuration list for PBXProject "Alma.App.Oficial" */;
			compatibilityVersion = "Xcode 13.0";
			developmentRegion = en;
			hasScannedForEncodings = 0;
			knownRegions = (
				en,
				Base,
			);
			mainGroup = 9ECED09C2F588F1C009412A7;
			packageReferences = (
				9ECED1052F589311009412A7 /* XCRemoteSwiftPackageReference "firebase-ios-sdk" */,
			);
			productRefGroup = 9ECED0AA2F588F21009412A7 /* Products */;
			projectDirPath = "";
			projectRoot = "";
			targets = (
				9ECED0A82F588F21009412A7 /* Alma.App.Oficial (iOS) */,
				9ECED0AE2F588F21009412A7 /* Alma.App.Oficial (macOS) */,
				9ECED0B52F588F21009412A7 /* Tests iOS */,
				9ECED0C12F588F21009412A7 /* Tests macOS */,
			);
		};
/* End PBXProject section */

/* Begin PBXResourcesBuildPhase section */
		9ECED0A72F588F21009412A7 /* Resources */ = {
			isa = PBXResourcesBuildPhase;
			buildActionMask = 2147483647;
			files = (
				9ECED0CE2F588F21009412A7 /* Assets.xcassets in Resources */,
			);
			runOnlyForDeploymentPostprocessing = 0;
		};
		9ECED0AD2F588F21009412A7 /* Resources */ = {
			isa = PBXResourcesBuildPhase;
			buildActionMask = 2147483647;
			files = (
				9ECED0CF2F588F21009412A7 /* Assets.xcassets in Resources */,
			);
			runOnlyForDeploymentPostprocessing = 0;
		};
		9ECED0B42F588F21009412A7 /* Resources */ = {
			isa = PBXResourcesBuildPhase;
			buildActionMask = 2147483647;
			files = (
			);
			runOnlyForDeploymentPostprocessing = 0;
		};
		9ECED0C02F588F21009412A7 /* Resources */ = {
			isa = PBXResourcesBuildPhase;
			buildActionMask = 2147483647;
			files = (
			);
			runOnlyForDeploymentPostprocessing = 0;
		};
/* End PBXResourcesBuildPhase section */

/* Begin PBXSourcesBuildPhase section */
		9ECED0A52F588F21009412A7 /* Sources */ = {
			isa = PBXSourcesBuildPhase;
			buildActionMask = 2147483647;
			files = (
				9ECED0E52F589020009412A7 /* ChatView.swift in Sources */,
				9ECED1012F589030009412A7 /* ProfileView.swift in Sources */,
				9ECED0F52F589030009412A7 /* LoginView.swift in Sources */,
				9ECED0F92F589030009412A7 /* MainTabView.swift in Sources */,
				9ECED0CC2F588F21009412A7 /* ContentView.swift in Sources */,
				9ECED1032F589030009412A7 /* InsightsView.swift in Sources */,
				9ECED0CA2F588F21009412A7 /* Alma_App_OficialApp.swift in Sources */,
				9ECED0FF2F589030009412A7 /* SubscriptionView.swift in Sources */,
				9ECED0F32F589030009412A7 /* Theme.swift in Sources */,
				9ECED0F72F589030009412A7 /* HomeView.swift in Sources */,
				9ECED0FB2F589030009412A7 /* OpenAIService.swift in Sources */,
				9ECED0E22F58900C009412A7 /* AlmaApp.swift in Sources */,
				9ECED0F12F58902F009412A7 /* RootView.swift in Sources */,
				9ECED0FD2F589030009412A7 /* MessageBubble.swift in Sources */,
			);
			runOnlyForDeploymentPostprocessing = 0;
		};
		9ECED0AB2F588F21009412A7 /* Sources */ = {
			isa = PBXSourcesBuildPhase;
			buildActionMask = 2147483647;
			files = (
				9ECED0CD2F588F21009412A7 /* ContentView.swift in Sources */,
				9ECED0CB2F588F21009412A7 /* Alma_App_OficialApp.swift in Sources */,
			);
			runOnlyForDeploymentPostprocessing = 0;
		};
		9ECED0B22F588F21009412A7 /* Sources */ = {
			isa = PBXSourcesBuildPhase;
			buildActionMask = 2147483647;
			files = (
				9ECED0E62F589020009412A7 /* ChatView.swift in Sources */,
				9ECED1022F589030009412A7 /* ProfileView.swift in Sources */,
				9ECED0F62F589030009412A7 /* LoginView.swift in Sources */,
				9ECED0FA2F589030009412A7 /* MainTabView.swift in Sources */,
				9ECED0BD2F588F21009412A7 /* Tests_iOSLaunchTests.swift in Sources */,
				9ECED1042F589030009412A7 /* InsightsView.swift in Sources */,
				9ECED0BB2F588F21009412A7 /* Tests_iOS.swift in Sources */,
				9ECED1002F589030009412A7 /* SubscriptionView.swift in Sources */,
				9ECED0F42F589030009412A7 /* Theme.swift in Sources */,
				9ECED0F82F589030009412A7 /* HomeView.swift in Sources */,
				9ECED0FC2F589030009412A7 /* OpenAIService.swift in Sources */,
				9ECED0E32F58900C009412A7 /* AlmaApp.swift in Sources */,
				9ECED0F22F589030009412A7 /* RootView.swift in Sources */,
				9ECED0FE2F589030009412A7 /* MessageBubble.swift in Sources */,
			);
			runOnlyForDeploymentPostprocessing = 0;
		};
		9ECED0BE2F588F21009412A7 /* Sources */ = {
			isa = PBXSourcesBuildPhase;
			buildActionMask = 2147483647;
			files = (
				9ECED0C92F588F21009412A7 /* Tests_macOSLaunchTests.swift in Sources */,
				9ECED0C72F588F21009412A7 /* Tests_macOS.swift in Sources */,
			);
			runOnlyForDeploymentPostprocessing = 0;
		};
/* End PBXSourcesBuildPhase section */

/* Begin PBXTargetDependency section */
		9ECED0B82F588F21009412A7 /* PBXTargetDependency */ = {
			isa = PBXTargetDependency;
			target = 9ECED0A82F588F21009412A7 /* Alma.App.Oficial (iOS) */;
			targetProxy = 9ECED0B72F588F21009412A7 /* PBXContainerItemProxy */;
		};
		9ECED0C42F588F21009412A7 /* PBXTargetDependency */ = {
			isa = PBXTargetDependency;
			target = 9ECED0AE2F588F21009412A7 /* Alma.App.Oficial (macOS) */;
			targetProxy = 9ECED0C32F588F21009412A7 /* PBXContainerItemProxy */;
		};
/* End PBXTargetDependency section */

/* Begin XCBuildConfiguration section */
		9ECED0D02F588F21009412A7 /* Debug */ = {
			isa = XCBuildConfiguration;
			buildSettings = {
				ALWAYS_SEARCH_USER_PATHS = NO;
				CLANG_ANALYZER_NONNULL = YES;
				CLANG_ANALYZER_NUMBER_OBJECT_CONVERSION = YES_AGGRESSIVE;
				CLANG_CXX_LANGUAGE_STANDARD = "gnu++17";
				CLANG_CXX_LIBRARY = "libc++";
				CLANG_ENABLE_MODULES = YES;
				CLANG_ENABLE_OBJC_ARC = YES;
				CLANG_ENABLE_OBJC_WEAK = YES;
				CLANG_WARN_BLOCK_CAPTURE_AUTORELEASING = YES;
				CLANG_WARN_BOOL_CONVERSION = YES;
				CLANG_WARN_COMMA = YES;
				CLANG_WARN_CONSTANT_CONVERSION = YES;
				CLANG_WARN_DEPRECATED_OBJC_IMPLEMENTATIONS = YES;
				CLANG_WARN_DIRECT_OBJC_ISA_USAGE = YES_ERROR;
				CLANG_WARN_DOCUMENTATION_COMMENTS = YES;
				CLANG_WARN_EMPTY_BODY = YES;
				CLANG_WARN_ENUM_CONVERSION = YES;
				CLANG_WARN_INFINITE_RECURSION = YES;
				CLANG_WARN_INT_CONVERSION = YES;
				CLANG_WARN_NON_LITERAL_NULL_CONVERSION = YES;
				CLANG_WARN_OBJC_IMPLICIT_RETAIN_SELF = YES;
				CLANG_WARN_OBJC_LITERAL_CONVERSION = YES;
				CLANG_WARN_OBJC_ROOT_CLASS = YES_ERROR;
				CLANG_WARN_QUOTED_INCLUDE_IN_FRAMEWORK_HEADER = YES;
				CLANG_WARN_RANGE_LOOP_ANALYSIS = YES;
				CLANG_WARN_STRICT_PROTOTYPES = YES;
				CLANG_WARN_SUSPICIOUS_MOVE = YES;
				CLANG_WARN_UNGUARDED_AVAILABILITY = YES_AGGRESSIVE;
				CLANG_WARN_UNREACHABLE_CODE = YES;
				CLANG_WARN__DUPLICATE_METHOD_MATCH = YES;
				COPY_PHASE_STRIP = NO;
				DEBUG_INFORMATION_FORMAT = dwarf;
				ENABLE_STRICT_OBJC_MSGSEND = YES;
				ENABLE_TESTABILITY = YES;
				GCC_C_LANGUAGE_STANDARD = gnu11;
				GCC_DYNAMIC_NO_PIC = NO;
				GCC_NO_COMMON_BLOCKS = YES;
				GCC_OPTIMIZATION_LEVEL = 0;
				GCC_PREPROCESSOR_DEFINITIONS = (
					"DEBUG=1",
					"$(inherited)",
				);
				GCC_WARN_64_TO_32_BIT_CONVERSION = YES;
				GCC_WARN_ABOUT_RETURN_TYPE = YES_ERROR;
				GCC_WARN_UNDECLARED_SELECTOR = YES;
				GCC_WARN_UNINITIALIZED_AUTOS = YES_AGGRESSIVE;
				GCC_WARN_UNUSED_FUNCTION = YES;
				GCC_WARN_UNUSED_VARIABLE = YES;
				MTL_ENABLE_DEBUG_INFO = INCLUDE_SOURCE;
				MTL_FAST_MATH = YES;
				ONLY_ACTIVE_ARCH = YES;
				SWIFT_ACTIVE_COMPILATION_CONDITIONS = DEBUG;
				SWIFT_OPTIMIZATION_LEVEL = "-Onone";
			};
			name = Debug;
		};
		9ECED0D12F588F21009412A7 /* Release */ = {
			isa = XCBuildConfiguration;
			buildSettings = {
				ALWAYS_SEARCH_USER_PATHS = NO;
				CLANG_ANALYZER_NONNULL = YES;
				CLANG_ANALYZER_NUMBER_OBJECT_CONVERSION = YES_AGGRESSIVE;
				CLANG_CXX_LANGUAGE_STANDARD = "gnu++17";
				CLANG_CXX_LIBRARY = "libc++";
				CLANG_ENABLE_MODULES = YES;
				CLANG_ENABLE_OBJC_ARC = YES;
				CLANG_ENABLE_OBJC_WEAK = YES;
				CLANG_WARN_BLOCK_CAPTURE_AUTORELEASING = YES;
				CLANG_WARN_BOOL_CONVERSION = YES;
				CLANG_WARN_COMMA = YES;
				CLANG_WARN_CONSTANT_CONVERSION = YES;
				CLANG_WARN_DEPRECATED_OBJC_IMPLEMENTATIONS = YES;
				CLANG_WARN_DIRECT_OBJC_ISA_USAGE = YES_ERROR;
				CLANG_WARN_DOCUMENTATION_COMMENTS = YES;
				CLANG_WARN_EMPTY_BODY = YES;
				CLANG_WARN_ENUM_CONVERSION = YES;
				CLANG_WARN_INFINITE_RECURSION = YES;
				CLANG_WARN_INT_CONVERSION = YES;
				CLANG_WARN_NON_LITERAL_NULL_CONVERSION = YES;
				CLANG_WARN_OBJC_IMPLICIT_RETAIN_SELF = YES;
				CLANG_WARN_OBJC_LITERAL_CONVERSION = YES;
				CLANG_WARN_OBJC_ROOT_CLASS = YES_ERROR;
				CLANG_WARN_QUOTED_INCLUDE_IN_FRAMEWORK_HEADER = YES;
				CLANG_WARN_RANGE_LOOP_ANALYSIS = YES;
				CLANG_WARN_STRICT_PROTOTYPES = YES;
				CLANG_WARN_SUSPICIOUS_MOVE = YES;
				CLANG_WARN_UNGUARDED_AVAILABILITY = YES_AGGRESSIVE;
				CLANG_WARN_UNREACHABLE_CODE = YES;
				CLANG_WARN__DUPLICATE_METHOD_MATCH = YES;
				COPY_PHASE_STRIP = NO;
				DEBUG_INFORMATION_FORMAT = "dwarf-with-dsym";
				ENABLE_NS_ASSERTIONS = NO;
				ENABLE_STRICT_OBJC_MSGSEND = YES;
				GCC_C_LANGUAGE_STANDARD = gnu11;
				GCC_NO_COMMON_BLOCKS = YES;
				GCC_WARN_64_TO_32_BIT_CONVERSION = YES;
				GCC_WARN_ABOUT_RETURN_TYPE = YES_ERROR;
				GCC_WARN_UNDECLARED_SELECTOR = YES;
				GCC_WARN_UNINITIALIZED_AUTOS = YES_AGGRESSIVE;
				GCC_WARN_UNUSED_FUNCTION = YES;
				GCC_WARN_UNUSED_VARIABLE = YES;
				MTL_ENABLE_DEBUG_INFO = NO;
				MTL_FAST_MATH = YES;
				SWIFT_COMPILATION_MODE = wholemodule;
				SWIFT_OPTIMIZATION_LEVEL = "-O";
			};
			name = Release;
		};
		9ECED0D32F588F21009412A7 /* Debug */ = {
			isa = XCBuildConfiguration;
			buildSettings = {
				ASSETCATALOG_COMPILER_APPICON_NAME = AppIcon;
				ASSETCATALOG_COMPILER_GLOBAL_ACCENT_COLOR_NAME = AccentColor;
				CODE_SIGN_STYLE = Automatic;
				CURRENT_PROJECT_VERSION = 1;
				DEVELOPMENT_TEAM = J9U729KYR7;
				ENABLE_PREVIEWS = YES;
				GENERATE_INFOPLIST_FILE = YES;
				INFOPLIST_KEY_UIApplicationSceneManifest_Generation = YES;
				INFOPLIST_KEY_UIApplicationSupportsIndirectInputEvents = YES;
				INFOPLIST_KEY_UILaunchScreen_Generation = YES;
				INFOPLIST_KEY_UISupportedInterfaceOrientations_iPad = "UIInterfaceOrientationPortrait UIInterfaceOrientationPortraitUpsideDown UIInterfaceOrientationLandscapeLeft UIInterfaceOrientationLandscapeRight";
				INFOPLIST_KEY_UISupportedInterfaceOrientations_iPhone = "UIInterfaceOrientationPortrait UIInterfaceOrientationLandscapeLeft UIInterfaceOrientationLandscapeRight";
				IPHONEOS_DEPLOYMENT_TARGET = 15.2;
				LD_RUNPATH_SEARCH_PATHS = (
					"$(inherited)",
					"@executable_path/Frameworks",
				);
				MARKETING_VERSION = 1.0;
				PRODUCT_BUNDLE_IDENTIFIER = "AlmaOficial.Alma-App-Oficial";
				PRODUCT_NAME = Alma.App.Oficial;
				SDKROOT = iphoneos;
				SWIFT_EMIT_LOC_STRINGS = YES;
				SWIFT_VERSION = 5.0;
				TARGETED_DEVICE_FAMILY = "1,2";
			};
			name = Debug;
		};
		9ECED0D42F588F21009412A7 /* Release */ = {
			isa = XCBuildConfiguration;
			buildSettings = {
				ASSETCATALOG_COMPILER_APPICON_NAME = AppIcon;
				ASSETCATALOG_COMPILER_GLOBAL_ACCENT_COLOR_NAME = AccentColor;
				CODE_SIGN_STYLE = Automatic;
				CURRENT_PROJECT_VERSION = 1;
				DEVELOPMENT_TEAM = J9U729KYR7;
				ENABLE_PREVIEWS = YES;
				GENERATE_INFOPLIST_FILE = YES;
				INFOPLIST_KEY_UIApplicationSceneManifest_Generation = YES;
				INFOPLIST_KEY_UIApplicationSupportsIndirectInputEvents = YES;
				INFOPLIST_KEY_UILaunchScreen_Generation = YES;
				INFOPLIST_KEY_UISupportedInterfaceOrientations_iPad = "UIInterfaceOrientationPortrait UIInterfaceOrientationPortraitUpsideDown UIInterfaceOrientationLandscapeLeft UIInterfaceOrientationLandscapeRight";
				INFOPLIST_KEY_UISupportedInterfaceOrientations_iPhone = "UIInterfaceOrientationPortrait UIInterfaceOrientationLandscapeLeft UIInterfaceOrientationLandscapeRight";
				IPHONEOS_DEPLOYMENT_TARGET = 15.2;
				LD_RUNPATH_SEARCH_PATHS = (
					"$(inherited)",
					"@executable_path/Frameworks",
				);
				MARKETING_VERSION = 1.0;
				PRODUCT_BUNDLE_IDENTIFIER = "AlmaOficial.Alma-App-Oficial";
				PRODUCT_NAME = Alma.App.Oficial;
				SDKROOT = iphoneos;
				SWIFT_EMIT_LOC_STRINGS = YES;
				SWIFT_VERSION = 5.0;
				TARGETED_DEVICE_FAMILY = "1,2";
				VALIDATE_PRODUCT = YES;
			};
			name = Release;
		};
		9ECED0D62F588F21009412A7 /* Debug */ = {
			isa = XCBuildConfiguration;
			buildSettings = {
				ASSETCATALOG_COMPILER_APPICON_NAME = AppIcon;
				ASSETCATALOG_COMPILER_GLOBAL_ACCENT_COLOR_NAME = AccentColor;
				CODE_SIGN_ENTITLEMENTS = macOS/macOS.entitlements;
				CODE_SIGN_STYLE = Automatic;
				COMBINE_HIDPI_IMAGES = YES;
				CURRENT_PROJECT_VERSION = 1;
				DEVELOPMENT_TEAM = J9U729KYR7;
				ENABLE_HARDENED_RUNTIME = YES;
				ENABLE_PREVIEWS = YES;
				GENERATE_INFOPLIST_FILE = YES;
				INFOPLIST_KEY_NSHumanReadableCopyright = "";
				LD_RUNPATH_SEARCH_PATHS = (
					"$(inherited)",
					"@executable_path/../Frameworks",
				);
				MACOSX_DEPLOYMENT_TARGET = 11.7;
				MARKETING_VERSION = 1.0;
				PRODUCT_BUNDLE_IDENTIFIER = "AlmaOficial.Alma-App-Oficial";
				PRODUCT_NAME = Alma.App.Oficial;
				SDKROOT = macosx;
				SWIFT_EMIT_LOC_STRINGS = YES;
				SWIFT_VERSION = 5.0;
			};
			name = Debug;
		};
		9ECED0D72F588F21009412A7 /* Release */ = {
			isa = XCBuildConfiguration;
			buildSettings = {
				ASSETCATALOG_COMPILER_APPICON_NAME = AppIcon;
				ASSETCATALOG_COMPILER_GLOBAL_ACCENT_COLOR_NAME = AccentColor;
				CODE_SIGN_ENTITLEMENTS = macOS/macOS.entitlements;
				CODE_SIGN_STYLE = Automatic;
				COMBINE_HIDPI_IMAGES = YES;
				CURRENT_PROJECT_VERSION = 1;
				DEVELOPMENT_TEAM = J9U729KYR7;
				ENABLE_HARDENED_RUNTIME = YES;
				ENABLE_PREVIEWS = YES;
				GENERATE_INFOPLIST_FILE = YES;
				INFOPLIST_KEY_NSHumanReadableCopyright = "";
				LD_RUNPATH_SEARCH_PATHS = (
					"$(inherited)",
					"@executable_path/../Frameworks",
				);
				MACOSX_DEPLOYMENT_TARGET = 11.7;
				MARKETING_VERSION = 1.0;
				PRODUCT_BUNDLE_IDENTIFIER = "AlmaOficial.Alma-App-Oficial";
				PRODUCT_NAME = Alma.App.Oficial;
				SDKROOT = macosx;
				SWIFT_EMIT_LOC_STRINGS = YES;
				SWIFT_VERSION = 5.0;
			};
			name = Release;
		};
		9ECED0D92F588F21009412A7 /* Debug */ = {
			isa = XCBuildConfiguration;
			buildSettings = {
				ALWAYS_EMBED_SWIFT_STANDARD_LIBRARIES = YES;
				CODE_SIGN_STYLE = Automatic;
				CURRENT_PROJECT_VERSION = 1;
				DEVELOPMENT_TEAM = J9U729KYR7;
				GENERATE_INFOPLIST_FILE = YES;
				IPHONEOS_DEPLOYMENT_TARGET = 15.2;
				MARKETING_VERSION = 1.0;
				PRODUCT_BUNDLE_IDENTIFIER = "AlmaOficial.Tests-iOS";
				PRODUCT_NAME = "$(TARGET_NAME)";
				SDKROOT = iphoneos;
				SWIFT_EMIT_LOC_STRINGS = NO;
				SWIFT_VERSION = 5.0;
				TARGETED_DEVICE_FAMILY = "1,2";
				TEST_TARGET_NAME = "Alma.App.Oficial (iOS)";
			};
			name = Debug;
		};
		9ECED0DA2F588F21009412A7 /* Release */ = {
			isa = XCBuildConfiguration;
			buildSettings = {
				ALWAYS_EMBED_SWIFT_STANDARD_LIBRARIES = YES;
				CODE_SIGN_STYLE = Automatic;
				CURRENT_PROJECT_VERSION = 1;
				DEVELOPMENT_TEAM = J9U729KYR7;
				GENERATE_INFOPLIST_FILE = YES;
				IPHONEOS_DEPLOYMENT_TARGET = 15.2;
				MARKETING_VERSION = 1.0;
				PRODUCT_BUNDLE_IDENTIFIER = "AlmaOficial.Tests-iOS";
				PRODUCT_NAME = "$(TARGET_NAME)";
				SDKROOT = iphoneos;
				SWIFT_EMIT_LOC_STRINGS = NO;
				SWIFT_VERSION = 5.0;
				TARGETED_DEVICE_FAMILY = "1,2";
				TEST_TARGET_NAME = "Alma.App.Oficial (iOS)";
				VALIDATE_PRODUCT = YES;
			};
			name = Release;
		};
		9ECED0DC2F588F21009412A7 /* Debug */ = {
			isa = XCBuildConfiguration;
			buildSettings = {
				ALWAYS_EMBED_SWIFT_STANDARD_LIBRARIES = YES;
				CODE_SIGN_STYLE = Automatic;
				CURRENT_PROJECT_VERSION = 1;
				DEVELOPMENT_TEAM = J9U729KYR7;
				GENERATE_INFOPLIST_FILE = YES;
				MACOSX_DEPLOYMENT_TARGET = 11.7;
				MARKETING_VERSION = 1.0;
				PRODUCT_BUNDLE_IDENTIFIER = "AlmaOficial.Tests-macOS";
				PRODUCT_NAME = "$(TARGET_NAME)";
				SDKROOT = macosx;
				SWIFT_EMIT_LOC_STRINGS = NO;
				SWIFT_VERSION = 5.0;
				TEST_TARGET_NAME = "Alma.App.Oficial (macOS)";
			};
			name = Debug;
		};
		9ECED0DD2F588F21009412A7 /* Release */ = {
			isa = XCBuildConfiguration;
			buildSettings = {
				ALWAYS_EMBED_SWIFT_STANDARD_LIBRARIES = YES;
				CODE_SIGN_STYLE = Automatic;
				CURRENT_PROJECT_VERSION = 1;
				DEVELOPMENT_TEAM = J9U729KYR7;
				GENERATE_INFOPLIST_FILE = YES;
				MACOSX_DEPLOYMENT_TARGET = 11.7;
				MARKETING_VERSION = 1.0;
				PRODUCT_BUNDLE_IDENTIFIER = "AlmaOficial.Tests-macOS";
				PRODUCT_NAME = "$(TARGET_NAME)";
				SDKROOT = macosx;
				SWIFT_EMIT_LOC_STRINGS = NO;
				SWIFT_VERSION = 5.0;
				TEST_TARGET_NAME = "Alma.App.Oficial (macOS)";
			};
			name = Release;
		};
/* End XCBuildConfiguration section */

/* Begin XCConfigurationList section */
		9ECED0A02F588F1C009412A7 /* Build configuration list for PBXProject "Alma.App.Oficial" */ = {
			isa = XCConfigurationList;
			buildConfigurations = (
				9ECED0D02F588F21009412A7 /* Debug */,
				9ECED0D12F588F21009412A7 /* Release */,
			);
			defaultConfigurationIsVisible = 0;
			defaultConfigurationName = Release;
		};
		9ECED0D22F588F21009412A7 /* Build configuration list for PBXNativeTarget "Alma.App.Oficial (iOS)" */ = {
			isa = XCConfigurationList;
			buildConfigurations = (
				9ECED0D32F588F21009412A7 /* Debug */,
				9ECED0D42F588F21009412A7 /* Release */,
			);
			defaultConfigurationIsVisible = 0;
			defaultConfigurationName = Release;
		};
		9ECED0D52F588F21009412A7 /* Build configuration list for PBXNativeTarget "Alma.App.Oficial (macOS)" */ = {
			isa = XCConfigurationList;
			buildConfigurations = (
				9ECED0D62F588F21009412A7 /* Debug */,
				9ECED0D72F588F21009412A7 /* Release */,
			);
			defaultConfigurationIsVisible = 0;
			defaultConfigurationName = Release;
		};
		9ECED0D82F588F21009412A7 /* Build configuration list for PBXNativeTarget "Tests iOS" */ = {
			isa = XCConfigurationList;
			buildConfigurations = (
				9ECED0D92F588F21009412A7 /* Debug */,
				9ECED0DA2F588F21009412A7 /* Release */,
			);
			defaultConfigurationIsVisible = 0;
			defaultConfigurationName = Release;
		};
		9ECED0DB2F588F21009412A7 /* Build configuration list for PBXNativeTarget "Tests macOS" */ = {
			isa = XCConfigurationList;
			buildConfigurations = (
				9ECED0DC2F588F21009412A7 /* Debug */,
				9ECED0DD2F588F21009412A7 /* Release */,
			);
			defaultConfigurationIsVisible = 0;
			defaultConfigurationName = Release;
		};
/* End XCConfigurationList section */

/* Begin XCRemoteSwiftPackageReference section */
		9ECED1052F589311009412A7 /* XCRemoteSwiftPackageReference "firebase-ios-sdk" */ = {
			isa = XCRemoteSwiftPackageReference;
			repositoryURL = "https://github.com/firebase/firebase-ios-sdk";
			requirement = {
				kind = upToNextMajorVersion;
				minimumVersion = 9.0.0;
			};
		};
/* End XCRemoteSwiftPackageReference section */

/* Begin XCSwiftPackageProductDependency section */
		9ECED1062F589311009412A7 /* FirebaseAnalytics */ = {
			isa = XCSwiftPackageProductDependency;
			package = 9ECED1052F589311009412A7 /* XCRemoteSwiftPackageReference "firebase-ios-sdk" */;
			productName = FirebaseAnalytics;
		};
		9ECED1082F589311009412A7 /* FirebaseAuth */ = {
			isa = XCSwiftPackageProductDependency;
			package = 9ECED1052F589311009412A7 /* XCRemoteSwiftPackageReference "firebase-ios-sdk" */;
			productName = FirebaseAuth;
		};
		9ECED10A2F589311009412A7 /* FirebaseFirestore */ = {
			isa = XCSwiftPackageProductDependency;
			package = 9ECED1052F589311009412A7 /* XCRemoteSwiftPackageReference "firebase-ios-sdk" */;
			productName = FirebaseFirestore;
		};
/* End XCSwiftPackageProductDependency section */
	};
	rootObject = 9ECED09D2F588F1C009412A7 /* Project object */;
}
